
Microsoft Visual Studio Solution File, Format Version 12.00
# Visual Studio Version 16
VisualStudioVersion = 16.0.30204.135
MinimumVisualStudioVersion = 10.0.40219.1
Project("{9A19103F-16F7-4668-BE54-9A1E7A4F7556}") = "SalaSolutions.Core", "src\Core\SalaSolutions.Core.csproj", "{4E84E212-DB26-4F13-B31D-E188AB032860}"
EndProject
Project("{FAE04EC0-301F-11D3-BF4B-00C04F79EFBC}") = "ModelosCargas", "src\ModelosCargas\ModelosCargas.csproj", "{04D9E325-54FA-42A6-B3CC-2B9F577D5700}"
EndProject
Project("{FAE04EC0-301F-11D3-BF4B-00C04F79EFBC}") = "SalaSolutions.Carga", "src\Carga\SalaSolutions.Carga.csproj", "{CA18F913-733E-49B8-B35F-A725B292A704}"
EndProject
Global
	GlobalSection(SolutionConfigurationPlatforms) = preSolution
		Debug|Any CPU = Debug|Any CPU
		Release|Any CPU = Release|Any CPU
	EndGlobalSection
	GlobalSection(ProjectConfigurationPlatforms) = postSolution
		{4E84E212-DB26-4F13-B31D-E188AB032860}.Debug|Any CPU.ActiveCfg = Debug|Any CPU
		{4E84E212-DB26-4F13-B31D-E188AB032860}.Debug|Any CPU.Build.0 = Debug|Any CPU
		{4E84E212-DB26-4F13-B31D-E188AB032860}.Release|Any CPU.ActiveCfg = Release|Any CPU
		{4E84E212-DB26-4F13-B31D-E188AB032860}.Release|Any CPU.Build.0 = Release|Any CPU
		{04D9E325-54FA-42A6-B3CC-2B9F577D5700}.Debug|Any CPU.ActiveCfg = Debug|Any CPU
		{04D9E325-54FA-42A6-B3CC-2B9F577D5700}.Debug|Any CPU.Build.0 = Debug|Any CPU
		{04D9E325-54FA-42A6-B3CC-2B9F577D5700}.Release|Any CPU.ActiveCfg = Release|Any CPU
		{04D9E325-54FA-42A6-B3CC-2B9F577D5700}.Release|Any CPU.Build.0 = Release|Any CPU
		{CA18F913-733E-49B8-B35F-A725B292A704}.Debug|Any CPU.ActiveCfg = Debug|Any CPU
		{CA18F913-733E-49B8-B35F-A725B292A704}.Debug|Any CPU.Build.0 = Debug|Any CPU
		{CA18F913-733E-49B8-B35F-A725B292A704}.Release|Any CPU.ActiveCfg = Release|Any CPU
		{CA18F913-733E-49B8-B35F-A725B292A704}.Release|Any CPU.Build.0 = Release|Any CPU
	EndGlobalSection
	GlobalSection(SolutionProperties) = preSolution
		HideSolutionNode = FALSE
	EndGlobalSection
	GlobalSection(ExtensibilityGlobals) = postSolution
		SolutionGuid = {6D926871-FD58-42E3-B0A8-7EBAB5C0FEFF}
	EndGlobalSection
EndGlobal
